
Microsoft Visual Studio Solution File, Format Version 12.00
# Visual Studio 15
VisualStudioVersion = 15.0.26730.16
MinimumVisualStudioVersion = 10.0.40219.1
Project("{F184B08F-C81C-45F6-A57F-5ABD9991F28F}") = "SoftGamers Injector", "SoftGamers Injector\SoftGamers Injector.vbproj", "{7E7611B5-F9D9-415A-B944-E2D56290AC82}"
EndProject
Global
	GlobalSection(SolutionConfigurationPlatforms) = preSolution
		Debug|Any CPU = Debug|Any CPU
		Release|Any CPU = Release|Any CPU
	EndGlobalSection
	GlobalSection(ProjectConfigurationPlatforms) = postSolution
		{7E7611B5-F9D9-415A-B944-E2D56290AC82}.Debug|Any CPU.ActiveCfg = Debug|Any CPU
		{7E7611B5-F9D9-415A-B944-E2D56290AC82}.Debug|Any CPU.Build.0 = Debug|Any CPU
		{7E7611B5-F9D9-415A-B944-E2D56290AC82}.Release|Any CPU.ActiveCfg = Release|Any CPU
		{7E7611B5-F9D9-415A-B944-E2D56290AC82}.Release|Any CPU.Build.0 = Release|Any CPU
	EndGlobalSection
	GlobalSection(SolutionProperties) = preSolution
		HideSolutionNode = FALSE
	EndGlobalSection
	GlobalSection(ExtensibilityGlobals) = postSolution
		SolutionGuid = {D772E31E-987B-44C8-B59C-574E1F815A27}
	EndGlobalSection
EndGlobal
